
Microsoft Visual Studio Solution File, Format Version 12.00
# Visual Studio Version 17
VisualStudioVersion = 17.9.34622.214
MinimumVisualStudioVersion = 10.0.40219.1
Project("{FAE04EC0-301F-11D3-BF4B-00C04F79EFBC}") = "PSX_AVILESA", "PSX_AVILESA\PSX_AVILESA.csproj", "{3EAF2EC5-6E52-4475-A06E-3BA35AD8F3CC}"
EndProject
Project("{54435603-DBB4-11D2-8724-00A0C9A8B90C}") = "AvilesaSetup", "AvilesaSetup\AvilesaSetup.vdproj", "{F48AA448-27B1-447E-B03C-29B73A968BCF}"
EndProject
Global
	GlobalSection(SolutionConfigurationPlatforms) = preSolution
		Debug|Any CPU = Debug|Any CPU
		Release|Any CPU = Release|Any CPU
	EndGlobalSection
	GlobalSection(ProjectConfigurationPlatforms) = postSolution
		{3EAF2EC5-6E52-4475-A06E-3BA35AD8F3CC}.Debug|Any CPU.ActiveCfg = Debug|Any CPU
		{3EAF2EC5-6E52-4475-A06E-3BA35AD8F3CC}.Debug|Any CPU.Build.0 = Debug|Any CPU
		{3EAF2EC5-6E52-4475-A06E-3BA35AD8F3CC}.Release|Any CPU.ActiveCfg = Release|Any CPU
		{3EAF2EC5-6E52-4475-A06E-3BA35AD8F3CC}.Release|Any CPU.Build.0 = Release|Any CPU
		{F48AA448-27B1-447E-B03C-29B73A968BCF}.Debug|Any CPU.ActiveCfg = Debug
		{F48AA448-27B1-447E-B03C-29B73A968BCF}.Release|Any CPU.ActiveCfg = Release
	EndGlobalSection
	GlobalSection(SolutionProperties) = preSolution
		HideSolutionNode = FALSE
	EndGlobalSection
	GlobalSection(ExtensibilityGlobals) = postSolution
		SolutionGuid = {A5ED85C7-9B9E-4A27-A670-287B634AD80C}
	EndGlobalSection
EndGlobal
